
Microsoft Visual Studio Solution File, Format Version 12.00
# Visual Studio Version 16
VisualStudioVersion = 16.0.30320.27
MinimumVisualStudioVersion = 10.0.40219.1
Project("{FAE04EC0-301F-11D3-BF4B-00C04F79EFBC}") = "MultiLanMVC", "MultiLanMVC\MultiLanMVC.csproj", "{43231E01-7C19-4796-9B6C-A8A9F2193856}"
EndProject
Global
	GlobalSection(SolutionConfigurationPlatforms) = preSolution
		Debug|Any CPU = Debug|Any CPU
		Release|Any CPU = Release|Any CPU
	EndGlobalSection
	GlobalSection(ProjectConfigurationPlatforms) = postSolution
		{43231E01-7C19-4796-9B6C-A8A9F2193856}.Debug|Any CPU.ActiveCfg = Debug|Any CPU
		{43231E01-7C19-4796-9B6C-A8A9F2193856}.Debug|Any CPU.Build.0 = Debug|Any CPU
		{43231E01-7C19-4796-9B6C-A8A9F2193856}.Release|Any CPU.ActiveCfg = Release|Any CPU
		{43231E01-7C19-4796-9B6C-A8A9F2193856}.Release|Any CPU.Build.0 = Release|Any CPU
	EndGlobalSection
	GlobalSection(SolutionProperties) = preSolution
		HideSolutionNode = FALSE
	EndGlobalSection
	GlobalSection(ExtensibilityGlobals) = postSolution
		SolutionGuid = {803CB450-E11C-4E4F-9E06-B986E167D445}
	EndGlobalSection
EndGlobal
